
Microsoft Visual Studio Solution File, Format Version 12.00
# Visual Studio Version 17
VisualStudioVersion = 17.0.31903.59
MinimumVisualStudioVersion = 10.0.40219.1
Project("{2150E333-8FDC-42A3-9474-1A3956D46DE8}") = "src", "src", "{7F7E5118-31A5-4C4A-8E58-D6934255232B}"
EndProject
Project("{FAE04EC0-301F-11D3-BF4B-00C04F79EFBC}") = "Basket.API", "src\Basket.API\Basket.API.csproj", "{D58C1872-F6CB-422B-B2A3-A711D346BF76}"
EndProject
Project("{FAE04EC0-301F-11D3-BF4B-00C04F79EFBC}") = "Catalog.API", "src\Catalog.API\Catalog.API.csproj", "{598C6AD1-2B4B-4E55-AD79-7563C89E2F11}"
EndProject
Project("{FAE04EC0-301F-11D3-BF4B-00C04F79EFBC}") = "eShop.ServiceDefaults", "src\eShop.ServiceDefaults\eShop.ServiceDefaults.csproj", "{2B0FD4BF-1C1F-4C9B-B6B4-C7F64523AA93}"
EndProject
Project("{FAE04EC0-301F-11D3-BF4B-00C04F79EFBC}") = "EventBus", "src\EventBus\EventBus.csproj", "{6AD8825C-C36B-4851-A09C-626C452DF238}"
EndProject
Project("{FAE04EC0-301F-11D3-BF4B-00C04F79EFBC}") = "EventBusRabbitMQ", "src\EventBusRabbitMQ\EventBusRabbitMQ.csproj", "{BDC84F36-60D8-4EFD-AF5A-F62F126CDE4A}"
EndProject
Project("{FAE04EC0-301F-11D3-BF4B-00C04F79EFBC}") = "Identity.API", "src\Identity.API\Identity.API.csproj", "{CC164933-48AF-4FC6-AE0E-741CD6A6AD50}"
EndProject
Project("{FAE04EC0-301F-11D3-BF4B-00C04F79EFBC}") = "IntegrationEventLogEF", "src\IntegrationEventLogEF\IntegrationEventLogEF.csproj", "{8A53E685-9247-4017-BE9F-F0C2E2FBE7A6}"
EndProject
Project("{FAE04EC0-301F-11D3-BF4B-00C04F79EFBC}") = "Ordering.API", "src\Ordering.API\Ordering.API.csproj", "{4B637DB6-2E9A-4A67-B5E6-C1658C4EA417}"
EndProject
Project("{FAE04EC0-301F-11D3-BF4B-00C04F79EFBC}") = "OrderProcessor", "src\OrderProcessor\OrderProcessor.csproj", "{E48BA93F-9F0E-4F81-B399-DBC30BE16550}"
EndProject
Project("{FAE04EC0-301F-11D3-BF4B-00C04F79EFBC}") = "Ordering.Domain", "src\Ordering.Domain\Ordering.Domain.csproj", "{0645101D-68E8-49E7-B3A0-D3623C04956E}"
EndProject
Project("{FAE04EC0-301F-11D3-BF4B-00C04F79EFBC}") = "Ordering.Infrastructure", "src\Ordering.Infrastructure\Ordering.Infrastructure.csproj", "{2BEA9DA1-C1A6-4C22-911B-12B57C943F54}"
EndProject
Project("{FAE04EC0-301F-11D3-BF4B-00C04F79EFBC}") = "PaymentProcessor", "src\PaymentProcessor\PaymentProcessor.csproj", "{CF300C24-0F39-4415-B7A7-F71828FC532C}"
EndProject
Project("{FAE04EC0-301F-11D3-BF4B-00C04F79EFBC}") = "eShop.AppHost", "src\eShop.AppHost\eShop.AppHost.csproj", "{DE36EAE8-CAD0-451E-B5BC-8CC4EBFB60CF}"
EndProject
Global
	GlobalSection(SolutionConfigurationPlatforms) = preSolution
		Debug|Any CPU = Debug|Any CPU
		Release|Any CPU = Release|Any CPU
	EndGlobalSection
	GlobalSection(SolutionProperties) = preSolution
		HideSolutionNode = FALSE
	EndGlobalSection
	GlobalSection(ProjectConfigurationPlatforms) = postSolution
		{D58C1872-F6CB-422B-B2A3-A711D346BF76}.Debug|Any CPU.ActiveCfg = Debug|Any CPU
		{D58C1872-F6CB-422B-B2A3-A711D346BF76}.Debug|Any CPU.Build.0 = Debug|Any CPU
		{D58C1872-F6CB-422B-B2A3-A711D346BF76}.Release|Any CPU.ActiveCfg = Release|Any CPU
		{D58C1872-F6CB-422B-B2A3-A711D346BF76}.Release|Any CPU.Build.0 = Release|Any CPU
		{598C6AD1-2B4B-4E55-AD79-7563C89E2F11}.Debug|Any CPU.ActiveCfg = Debug|Any CPU
		{598C6AD1-2B4B-4E55-AD79-7563C89E2F11}.Debug|Any CPU.Build.0 = Debug|Any CPU
		{598C6AD1-2B4B-4E55-AD79-7563C89E2F11}.Release|Any CPU.ActiveCfg = Release|Any CPU
		{598C6AD1-2B4B-4E55-AD79-7563C89E2F11}.Release|Any CPU.Build.0 = Release|Any CPU
		{2B0FD4BF-1C1F-4C9B-B6B4-C7F64523AA93}.Debug|Any CPU.ActiveCfg = Debug|Any CPU
		{2B0FD4BF-1C1F-4C9B-B6B4-C7F64523AA93}.Debug|Any CPU.Build.0 = Debug|Any CPU
		{2B0FD4BF-1C1F-4C9B-B6B4-C7F64523AA93}.Release|Any CPU.ActiveCfg = Release|Any CPU
		{2B0FD4BF-1C1F-4C9B-B6B4-C7F64523AA93}.Release|Any CPU.Build.0 = Release|Any CPU
		{6AD8825C-C36B-4851-A09C-626C452DF238}.Debug|Any CPU.ActiveCfg = Debug|Any CPU
		{6AD8825C-C36B-4851-A09C-626C452DF238}.Debug|Any CPU.Build.0 = Debug|Any CPU
		{6AD8825C-C36B-4851-A09C-626C452DF238}.Release|Any CPU.ActiveCfg = Release|Any CPU
		{6AD8825C-C36B-4851-A09C-626C452DF238}.Release|Any CPU.Build.0 = Release|Any CPU
		{BDC84F36-60D8-4EFD-AF5A-F62F126CDE4A}.Debug|Any CPU.ActiveCfg = Debug|Any CPU
		{BDC84F36-60D8-4EFD-AF5A-F62F126CDE4A}.Debug|Any CPU.Build.0 = Debug|Any CPU
		{BDC84F36-60D8-4EFD-AF5A-F62F126CDE4A}.Release|Any CPU.ActiveCfg = Release|Any CPU
		{BDC84F36-60D8-4EFD-AF5A-F62F126CDE4A}.Release|Any CPU.Build.0 = Release|Any CPU
		{CC164933-48AF-4FC6-AE0E-741CD6A6AD50}.Debug|Any CPU.ActiveCfg = Debug|Any CPU
		{CC164933-48AF-4FC6-AE0E-741CD6A6AD50}.Debug|Any CPU.Build.0 = Debug|Any CPU
		{CC164933-48AF-4FC6-AE0E-741CD6A6AD50}.Release|Any CPU.ActiveCfg = Release|Any CPU
		{CC164933-48AF-4FC6-AE0E-741CD6A6AD50}.Release|Any CPU.Build.0 = Release|Any CPU
		{8A53E685-9247-4017-BE9F-F0C2E2FBE7A6}.Debug|Any CPU.ActiveCfg = Debug|Any CPU
		{8A53E685-9247-4017-BE9F-F0C2E2FBE7A6}.Debug|Any CPU.Build.0 = Debug|Any CPU
		{8A53E685-9247-4017-BE9F-F0C2E2FBE7A6}.Release|Any CPU.ActiveCfg = Release|Any CPU
		{8A53E685-9247-4017-BE9F-F0C2E2FBE7A6}.Release|Any CPU.Build.0 = Release|Any CPU
		{4B637DB6-2E9A-4A67-B5E6-C1658C4EA417}.Debug|Any CPU.ActiveCfg = Debug|Any CPU
		{4B637DB6-2E9A-4A67-B5E6-C1658C4EA417}.Debug|Any CPU.Build.0 = Debug|Any CPU
		{4B637DB6-2E9A-4A67-B5E6-C1658C4EA417}.Release|Any CPU.ActiveCfg = Release|Any CPU
		{4B637DB6-2E9A-4A67-B5E6-C1658C4EA417}.Release|Any CPU.Build.0 = Release|Any CPU
		{E48BA93F-9F0E-4F81-B399-DBC30BE16550}.Debug|Any CPU.ActiveCfg = Debug|Any CPU
		{E48BA93F-9F0E-4F81-B399-DBC30BE16550}.Debug|Any CPU.Build.0 = Debug|Any CPU
		{E48BA93F-9F0E-4F81-B399-DBC30BE16550}.Release|Any CPU.ActiveCfg = Release|Any CPU
		{E48BA93F-9F0E-4F81-B399-DBC30BE16550}.Release|Any CPU.Build.0 = Release|Any CPU
		{0645101D-68E8-49E7-B3A0-D3623C04956E}.Debug|Any CPU.ActiveCfg = Debug|Any CPU
		{0645101D-68E8-49E7-B3A0-D3623C04956E}.Debug|Any CPU.Build.0 = Debug|Any CPU
		{0645101D-68E8-49E7-B3A0-D3623C04956E}.Release|Any CPU.ActiveCfg = Release|Any CPU
		{0645101D-68E8-49E7-B3A0-D3623C04956E}.Release|Any CPU.Build.0 = Release|Any CPU
		{2BEA9DA1-C1A6-4C22-911B-12B57C943F54}.Debug|Any CPU.ActiveCfg = Debug|Any CPU
		{2BEA9DA1-C1A6-4C22-911B-12B57C943F54}.Debug|Any CPU.Build.0 = Debug|Any CPU
		{2BEA9DA1-C1A6-4C22-911B-12B57C943F54}.Release|Any CPU.ActiveCfg = Release|Any CPU
		{2BEA9DA1-C1A6-4C22-911B-12B57C943F54}.Release|Any CPU.Build.0 = Release|Any CPU
		{CF300C24-0F39-4415-B7A7-F71828FC532C}.Debug|Any CPU.ActiveCfg = Debug|Any CPU
		{CF300C24-0F39-4415-B7A7-F71828FC532C}.Debug|Any CPU.Build.0 = Debug|Any CPU
		{CF300C24-0F39-4415-B7A7-F71828FC532C}.Release|Any CPU.ActiveCfg = Release|Any CPU
		{CF300C24-0F39-4415-B7A7-F71828FC532C}.Release|Any CPU.Build.0 = Release|Any CPU
		{DE36EAE8-CAD0-451E-B5BC-8CC4EBFB60CF}.Debug|Any CPU.ActiveCfg = Debug|Any CPU
		{DE36EAE8-CAD0-451E-B5BC-8CC4EBFB60CF}.Debug|Any CPU.Build.0 = Debug|Any CPU
		{DE36EAE8-CAD0-451E-B5BC-8CC4EBFB60CF}.Release|Any CPU.ActiveCfg = Release|Any CPU
		{DE36EAE8-CAD0-451E-B5BC-8CC4EBFB60CF}.Release|Any CPU.Build.0 = Release|Any CPU
	EndGlobalSection
	GlobalSection(NestedProjects) = preSolution
		{D58C1872-F6CB-422B-B2A3-A711D346BF76} = {7F7E5118-31A5-4C4A-8E58-D6934255232B}
		{598C6AD1-2B4B-4E55-AD79-7563C89E2F11} = {7F7E5118-31A5-4C4A-8E58-D6934255232B}
		{2B0FD4BF-1C1F-4C9B-B6B4-C7F64523AA93} = {7F7E5118-31A5-4C4A-8E58-D6934255232B}
		{6AD8825C-C36B-4851-A09C-626C452DF238} = {7F7E5118-31A5-4C4A-8E58-D6934255232B}
		{BDC84F36-60D8-4EFD-AF5A-F62F126CDE4A} = {7F7E5118-31A5-4C4A-8E58-D6934255232B}
		{CC164933-48AF-4FC6-AE0E-741CD6A6AD50} = {7F7E5118-31A5-4C4A-8E58-D6934255232B}
		{8A53E685-9247-4017-BE9F-F0C2E2FBE7A6} = {7F7E5118-31A5-4C4A-8E58-D6934255232B}
		{4B637DB6-2E9A-4A67-B5E6-C1658C4EA417} = {7F7E5118-31A5-4C4A-8E58-D6934255232B}
		{E48BA93F-9F0E-4F81-B399-DBC30BE16550} = {7F7E5118-31A5-4C4A-8E58-D6934255232B}
		{0645101D-68E8-49E7-B3A0-D3623C04956E} = {7F7E5118-31A5-4C4A-8E58-D6934255232B}
		{2BEA9DA1-C1A6-4C22-911B-12B57C943F54} = {7F7E5118-31A5-4C4A-8E58-D6934255232B}
		{CF300C24-0F39-4415-B7A7-F71828FC532C} = {7F7E5118-31A5-4C4A-8E58-D6934255232B}
		{DE36EAE8-CAD0-451E-B5BC-8CC4EBFB60CF} = {7F7E5118-31A5-4C4A-8E58-D6934255232B}
	EndGlobalSection
EndGlobal
